
Microsoft Visual Studio Solution File, Format Version 12.00
# Visual Studio 15
VisualStudioVersion = 15.0.28307.705
MinimumVisualStudioVersion = 10.0.40219.1
Project("{8BC9CEB8-8B4A-11D0-8D11-00A0C91BC942}") = "1032 挖掘机技术哪家强 (20分) pat", "1032 挖掘机技术哪家强 (20分) pat\1032 挖掘机技术哪家强 (20分) pat.vcxproj", "{4438B8D0-7C4B-42F5-ABF9-198713D72E56}"
EndProject
Global
	GlobalSection(SolutionConfigurationPlatforms) = preSolution
		Debug|x64 = Debug|x64
		Debug|x86 = Debug|x86
		Release|x64 = Release|x64
		Release|x86 = Release|x86
	EndGlobalSection
	GlobalSection(ProjectConfigurationPlatforms) = postSolution
		{4438B8D0-7C4B-42F5-ABF9-198713D72E56}.Debug|x64.ActiveCfg = Debug|x64
		{4438B8D0-7C4B-42F5-ABF9-198713D72E56}.Debug|x64.Build.0 = Debug|x64
		{4438B8D0-7C4B-42F5-ABF9-198713D72E56}.Debug|x86.ActiveCfg = Debug|Win32
		{4438B8D0-7C4B-42F5-ABF9-198713D72E56}.Debug|x86.Build.0 = Debug|Win32
		{4438B8D0-7C4B-42F5-ABF9-198713D72E56}.Release|x64.ActiveCfg = Release|x64
		{4438B8D0-7C4B-42F5-ABF9-198713D72E56}.Release|x64.Build.0 = Release|x64
		{4438B8D0-7C4B-42F5-ABF9-198713D72E56}.Release|x86.ActiveCfg = Release|Win32
		{4438B8D0-7C4B-42F5-ABF9-198713D72E56}.Release|x86.Build.0 = Release|Win32
	EndGlobalSection
	GlobalSection(SolutionProperties) = preSolution
		HideSolutionNode = FALSE
	EndGlobalSection
	GlobalSection(ExtensibilityGlobals) = postSolution
		SolutionGuid = {E5C1E8A6-A318-418B-B9A9-158116BA5A6A}
	EndGlobalSection
EndGlobal
