
Microsoft Visual Studio Solution File, Format Version 12.00
# Visual Studio 15
VisualStudioVersion = 15.0.28307.705
MinimumVisualStudioVersion = 10.0.40219.1
Project("{8BC9CEB8-8B4A-11D0-8D11-00A0C91BC942}") = "1012 数字分类 (20分) pat", "1012 数字分类 (20分) pat\1012 数字分类 (20分) pat.vcxproj", "{C30E221C-B76B-4A50-A50D-CE497A0BF81E}"
EndProject
Global
	GlobalSection(SolutionConfigurationPlatforms) = preSolution
		Debug|x64 = Debug|x64
		Debug|x86 = Debug|x86
		Release|x64 = Release|x64
		Release|x86 = Release|x86
	EndGlobalSection
	GlobalSection(ProjectConfigurationPlatforms) = postSolution
		{C30E221C-B76B-4A50-A50D-CE497A0BF81E}.Debug|x64.ActiveCfg = Debug|x64
		{C30E221C-B76B-4A50-A50D-CE497A0BF81E}.Debug|x64.Build.0 = Debug|x64
		{C30E221C-B76B-4A50-A50D-CE497A0BF81E}.Debug|x86.ActiveCfg = Debug|Win32
		{C30E221C-B76B-4A50-A50D-CE497A0BF81E}.Debug|x86.Build.0 = Debug|Win32
		{C30E221C-B76B-4A50-A50D-CE497A0BF81E}.Release|x64.ActiveCfg = Release|x64
		{C30E221C-B76B-4A50-A50D-CE497A0BF81E}.Release|x64.Build.0 = Release|x64
		{C30E221C-B76B-4A50-A50D-CE497A0BF81E}.Release|x86.ActiveCfg = Release|Win32
		{C30E221C-B76B-4A50-A50D-CE497A0BF81E}.Release|x86.Build.0 = Release|Win32
	EndGlobalSection
	GlobalSection(SolutionProperties) = preSolution
		HideSolutionNode = FALSE
	EndGlobalSection
	GlobalSection(ExtensibilityGlobals) = postSolution
		SolutionGuid = {5F95E235-8607-48FF-BFBD-476CBF917CFE}
	EndGlobalSection
EndGlobal
