
Microsoft Visual Studio Solution File, Format Version 12.00
# Visual Studio 15
VisualStudioVersion = 15.0.28307.705
MinimumVisualStudioVersion = 10.0.40219.1
Project("{8BC9CEB8-8B4A-11D0-8D11-00A0C91BC942}") = "1024 科学计数法 (20分)pat", "1024 科学计数法 (20分)pat\1024 科学计数法 (20分)pat.vcxproj", "{47FBB1F4-9238-4809-9A36-CDB389253018}"
EndProject
Global
	GlobalSection(SolutionConfigurationPlatforms) = preSolution
		Debug|x64 = Debug|x64
		Debug|x86 = Debug|x86
		Release|x64 = Release|x64
		Release|x86 = Release|x86
	EndGlobalSection
	GlobalSection(ProjectConfigurationPlatforms) = postSolution
		{47FBB1F4-9238-4809-9A36-CDB389253018}.Debug|x64.ActiveCfg = Debug|x64
		{47FBB1F4-9238-4809-9A36-CDB389253018}.Debug|x64.Build.0 = Debug|x64
		{47FBB1F4-9238-4809-9A36-CDB389253018}.Debug|x86.ActiveCfg = Debug|Win32
		{47FBB1F4-9238-4809-9A36-CDB389253018}.Debug|x86.Build.0 = Debug|Win32
		{47FBB1F4-9238-4809-9A36-CDB389253018}.Release|x64.ActiveCfg = Release|x64
		{47FBB1F4-9238-4809-9A36-CDB389253018}.Release|x64.Build.0 = Release|x64
		{47FBB1F4-9238-4809-9A36-CDB389253018}.Release|x86.ActiveCfg = Release|Win32
		{47FBB1F4-9238-4809-9A36-CDB389253018}.Release|x86.Build.0 = Release|Win32
	EndGlobalSection
	GlobalSection(SolutionProperties) = preSolution
		HideSolutionNode = FALSE
	EndGlobalSection
	GlobalSection(ExtensibilityGlobals) = postSolution
		SolutionGuid = {45E15F7B-A391-4859-9487-AE3D72776F8D}
	EndGlobalSection
EndGlobal
